{
  "lockfile_version": "1",
  "packages": {
    "git@latest": {
      "last_modified": "2025-02-23T09:42:26Z",
      "resolved": "github:NixOS/nixpkgs/2d068ae5c6516b2d04562de50a58c682540de9bf#git",
      "source": "devbox-search",
      "version": "2.48.1",
      "systems": {
        "aarch64-darwin": {
          "outputs": [
            {
              "name": "out",
              "path": "/nix/store/48bd3kx9xl36ixnzax9chik2y2l7lx9m-git-2.48.1",
              "default": true
            },
            {
              "name": "doc",
              "path": "/nix/store/7clrn7z9dxxl1n9hy2vy5nrk58mrb258-git-2.48.1-doc"
            }
          ],
          "store_path": "/nix/store/48bd3kx9xl36ixnzax9chik2y2l7lx9m-git-2.48.1"
        },
        "aarch64-linux": {
          "outputs": [
            {
              "name": "out",
              "path": "/nix/store/4rfdh67qx08marb8kwl8pk98pkwl8kiv-git-2.48.1",
              "default": true
            },
            {
              "name": "doc",
              "path": "/nix/store/c9hzqmbywb0basggdaylpc0j3r8j0dxs-git-2.48.1-doc"
            },
            {
              "name": "debug",
              "path": "/nix/store/yf283fv2zlaaaszdcfazbz1rg6d6f18q-git-2.48.1-debug"
            }
          ],
          "store_path": "/nix/store/4rfdh67qx08marb8kwl8pk98pkwl8kiv-git-2.48.1"
        },
        "x86_64-darwin": {
          "outputs": [
            {
              "name": "out",
              "path": "/nix/store/siawz69ch5kb1k1vaak8gbm6w5zmkbz6-git-2.48.1",
              "default": true
            },
            {
              "name": "doc",
              "path": "/nix/store/50346pq535sxngx9r0q1rf1bh0v01pyv-git-2.48.1-doc"
            }
          ],
          "store_path": "/nix/store/siawz69ch5kb1k1vaak8gbm6w5zmkbz6-git-2.48.1"
        },
        "x86_64-linux": {
          "outputs": [
            {
              "name": "out",
              "path": "/nix/store/nj1na0qwqhpd128vr71p70hz9jyhnz5x-git-2.48.1",
              "default": true
            },
            {
              "name": "debug",
              "path": "/nix/store/7gz9ywl4jw0clbbghaii5xgdivxsdgk3-git-2.48.1-debug"
            },
            {
              "name": "doc",
              "path": "/nix/store/2g2q2z1rkc9lgy1ib2a5cgl9mrzhqbla-git-2.48.1-doc"
            }
          ],
          "store_path": "/nix/store/nj1na0qwqhpd128vr71p70hz9jyhnz5x-git-2.48.1"
        }
      }
    },
    "github:NixOS/nixpkgs/nixpkgs-unstable": {
      "resolved": "github:NixOS/nixpkgs/3a05eebede89661660945da1f151959900903b6a?lastModified=1740547748&narHash=sha256-Ly2fBL1LscV%2BKyCqPRufUBuiw%2BzmWrlJzpWOWbahplg%3D"
    },
    "pnpm@latest": {
      "last_modified": "2025-02-17T23:19:04Z",
      "resolved": "github:NixOS/nixpkgs/f0295845e58ada369322524631821b01c0db13a7#pnpm",
      "source": "devbox-search",
      "version": "10.4.1",
      "systems": {
        "aarch64-darwin": {
          "outputs": [
            {
              "name": "out",
              "path": "/nix/store/p00c0k1scnbc1zzvx25wkqn9ifya82nz-pnpm-10.4.1",
              "default": true
            }
          ],
          "store_path": "/nix/store/p00c0k1scnbc1zzvx25wkqn9ifya82nz-pnpm-10.4.1"
        },
        "aarch64-linux": {
          "outputs": [
            {
              "name": "out",
              "path": "/nix/store/k7jvrgqchjhhl3w4zfrx68ac7yx01pbm-pnpm-10.4.1",
              "default": true
            }
          ],
          "store_path": "/nix/store/k7jvrgqchjhhl3w4zfrx68ac7yx01pbm-pnpm-10.4.1"
        },
        "x86_64-darwin": {
          "outputs": [
            {
              "name": "out",
              "path": "/nix/store/j1pjnw4rcfy60w2aj8hyvqwn5cfdaxwg-pnpm-10.4.1",
              "default": true
            }
          ],
          "store_path": "/nix/store/j1pjnw4rcfy60w2aj8hyvqwn5cfdaxwg-pnpm-10.4.1"
        },
        "x86_64-linux": {
          "outputs": [
            {
              "name": "out",
              "path": "/nix/store/xvw0w2mi1m0xdw6bxfqhw8xiaz9gpg6h-pnpm-10.4.1",
              "default": true
            }
          ],
          "store_path": "/nix/store/xvw0w2mi1m0xdw6bxfqhw8xiaz9gpg6h-pnpm-10.4.1"
        }
      }
    },
    "python313Packages.invoke@latest": {
      "last_modified": "2025-02-07T11:26:36Z",
      "resolved": "github:NixOS/nixpkgs/d98abf5cf5914e5e4e9d57205e3af55ca90ffc1d#python313Packages.invoke",
      "source": "devbox-search",
      "version": "2.2.0",
      "systems": {
        "aarch64-darwin": {
          "outputs": [
            {
              "name": "out",
              "path": "/nix/store/s8s7nn091fhaqy34fax0gqfq1qd9m5dh-python3.13-invoke-2.2.0",
              "default": true
            },
            {
              "name": "dist",
              "path": "/nix/store/nglnad7jmzmc9yrrsa4n2b2sh199qcgj-python3.13-invoke-2.2.0-dist"
            }
          ],
          "store_path": "/nix/store/s8s7nn091fhaqy34fax0gqfq1qd9m5dh-python3.13-invoke-2.2.0"
        },
        "aarch64-linux": {
          "outputs": [
            {
              "name": "out",
              "path": "/nix/store/b2qn69gf0k7cnbkaplgcwn9pqgpj49jv-python3.13-invoke-2.2.0",
              "default": true
            },
            {
              "name": "dist",
              "path": "/nix/store/z0vm9366xzz9x82pjldffz1hg94325jl-python3.13-invoke-2.2.0-dist"
            }
          ],
          "store_path": "/nix/store/b2qn69gf0k7cnbkaplgcwn9pqgpj49jv-python3.13-invoke-2.2.0"
        },
        "x86_64-darwin": {
          "outputs": [
            {
              "name": "out",
              "path": "/nix/store/60fnnr8qg9jg4z6blw5c3krhv0dvcbl5-python3.13-invoke-2.2.0",
              "default": true
            },
            {
              "name": "dist",
              "path": "/nix/store/1zyb53lq9f4g89a1hwfizilpqd81m228-python3.13-invoke-2.2.0-dist"
            }
          ],
          "store_path": "/nix/store/60fnnr8qg9jg4z6blw5c3krhv0dvcbl5-python3.13-invoke-2.2.0"
        },
        "x86_64-linux": {
          "outputs": [
            {
              "name": "out",
              "path": "/nix/store/1sxlldizair7gk5vanlarz6smlcw2ayp-python3.13-invoke-2.2.0",
              "default": true
            },
            {
              "name": "dist",
              "path": "/nix/store/7m6qhmh70lxbj72glgzdjkvxvjxqr7n8-python3.13-invoke-2.2.0-dist"
            }
          ],
          "store_path": "/nix/store/1sxlldizair7gk5vanlarz6smlcw2ayp-python3.13-invoke-2.2.0"
        }
      }
    },
    "python313Packages.uv@latest": {
      "last_modified": "2025-02-26T05:29:08Z",
      "resolved": "github:NixOS/nixpkgs/3a05eebede89661660945da1f151959900903b6a#python313Packages.uv",
      "source": "devbox-search",
      "version": "0.6.3",
      "systems": {
        "aarch64-darwin": {
          "outputs": [
            {
              "name": "out",
              "path": "/nix/store/61wgsjx8sd3yn5hq5hz12ll7z9pgkqjr-python3.13-uv-0.6.3",
              "default": true
            },
            {
              "name": "dist",
              "path": "/nix/store/8wynzjzcqk96id7daxfpgzvh1sgpb1x1-python3.13-uv-0.6.3-dist"
            }
          ],
          "store_path": "/nix/store/61wgsjx8sd3yn5hq5hz12ll7z9pgkqjr-python3.13-uv-0.6.3"
        },
        "aarch64-linux": {
          "outputs": [
            {
              "name": "out",
              "path": "/nix/store/vy55vwv3g8ndj4c50ibliybq7nzy5rcp-python3.13-uv-0.6.3",
              "default": true
            },
            {
              "name": "dist",
              "path": "/nix/store/70bjwnaq1d96cyrv98r9fs91vqamwc3m-python3.13-uv-0.6.3-dist"
            }
          ],
          "store_path": "/nix/store/vy55vwv3g8ndj4c50ibliybq7nzy5rcp-python3.13-uv-0.6.3"
        },
        "x86_64-darwin": {
          "outputs": [
            {
              "name": "out",
              "path": "/nix/store/8lzcnm4d6angyscqfk6nybj595kgn25z-python3.13-uv-0.6.3",
              "default": true
            },
            {
              "name": "dist",
              "path": "/nix/store/6fii0fzskqb0l8zwd4bc1sd4mkpzvix8-python3.13-uv-0.6.3-dist"
            }
          ],
          "store_path": "/nix/store/8lzcnm4d6angyscqfk6nybj595kgn25z-python3.13-uv-0.6.3"
        },
        "x86_64-linux": {
          "outputs": [
            {
              "name": "out",
              "path": "/nix/store/fwpjnbdw0iv2w7rfvpjq7f90d91xfnhp-python3.13-uv-0.6.3",
              "default": true
            },
            {
              "name": "dist",
              "path": "/nix/store/8l0j45w1pgfmwza0hf5naq7khf9c0yfm-python3.13-uv-0.6.3-dist"
            }
          ],
          "store_path": "/nix/store/fwpjnbdw0iv2w7rfvpjq7f90d91xfnhp-python3.13-uv-0.6.3"
        }
      }
    },
    "python@3.13": {
      "last_modified": "2025-02-23T09:42:26Z",
      "resolved": "github:NixOS/nixpkgs/2d068ae5c6516b2d04562de50a58c682540de9bf#python313",
      "source": "devbox-search",
      "version": "3.13.2",
      "systems": {
        "aarch64-darwin": {
          "outputs": [
            {
              "name": "out",
              "path": "/nix/store/jn2aff295cbc8hpfpnl8iz7zdfi2dyhk-python3-3.13.2",
              "default": true
            }
          ],
          "store_path": "/nix/store/jn2aff295cbc8hpfpnl8iz7zdfi2dyhk-python3-3.13.2"
        },
        "aarch64-linux": {
          "outputs": [
            {
              "name": "out",
              "path": "/nix/store/a7prrjdfdnsrv1clfnh5fl739pwlpl2y-python3-3.13.2",
              "default": true
            },
            {
              "name": "debug",
              "path": "/nix/store/hbf32f6g8radvw14dqrrd28smigr2w5l-python3-3.13.2-debug"
            }
          ],
          "store_path": "/nix/store/a7prrjdfdnsrv1clfnh5fl739pwlpl2y-python3-3.13.2"
        },
        "x86_64-darwin": {
          "outputs": [
            {
              "name": "out",
              "path": "/nix/store/sd10ga8q8w6b7i256zazpfjjpjin0yg0-python3-3.13.2",
              "default": true
            }
          ],
          "store_path": "/nix/store/sd10ga8q8w6b7i256zazpfjjpjin0yg0-python3-3.13.2"
        },
        "x86_64-linux": {
          "outputs": [
            {
              "name": "out",
              "path": "/nix/store/1rp7i946hi7fa2wwx2f66w9jsqjh4n08-python3-3.13.2",
              "default": true
            },
            {
              "name": "debug",
              "path": "/nix/store/y0vrby8n95x50xyvg81wv7rysh2lxz06-python3-3.13.2-debug"
            }
          ],
          "store_path": "/nix/store/1rp7i946hi7fa2wwx2f66w9jsqjh4n08-python3-3.13.2"
        }
      }
    }
  }
}
